{
  "version": 4,
  "terraform_version": "1.13.1",
  "serial": 7,
  "lineage": "9ab05248-be6e-49d8-2038-7ef229f6ec14",
  "outputs": {
    "public_ip": {
      "value": "91.92.153.13",
      "type": "string"
    }
  },
  "resources": [
    {
      "mode": "managed",
      "type": "exoscale_compute_instance",
      "name": "my_instance",
      "provider": "provider[\"registry.terraform.io/exoscale/exoscale\"]",
      "instances": [
        {
          "schema_version": 0,
          "attributes": {
            "anti_affinity_group_ids": null,
            "block_storage_volume_ids": null,
            "created_at": "2025-09-09 09:20:26 +0000 UTC",
            "deploy_target_id": "",
            "destroy_protected": null,
            "disk_size": 20,
            "elastic_ip_ids": null,
            "id": "ed885502-2740-4e6e-a5ad-20896ba7d618",
            "ipv6": false,
            "ipv6_address": null,
            "labels": null,
            "mac_address": "06:f3:8a:00:17:19",
            "name": "300-classe-ubuntu-romanens-noe",
            "network_interface": [],
            "private": false,
            "private_network_ids": [],
            "public_ip_address": "91.92.153.13",
            "reverse_dns": "",
            "security_group_ids": [
              "806f6bde-e106-4053-9d50-4547522cc048"
            ],
            "ssh_key": null,
            "ssh_keys": [
              "300-classe-romanens-noe-key"
            ],
            "state": "running",
            "template_id": "4395dec0-e9d3-4bda-ad06-4e7fc7457464",
            "timeouts": null,
            "type": "standard.small",
            "user_data": "#cloud-config\npackage_update: true\npackage_upgrade: true\npackages:\n  - nginx\n\nwrite_files:\n  - path: /var/www/html/index.html\n    owner: www-data:www-data\n    permissions: \"0644\"\n    content: |\n      \u003c!doctype html\u003e\n      \u003chtml lang=\"fr\"\u003e\n      \u003chead\u003e\u003cmeta charset=\"utf-8\"\u003e\u003ctitle\u003eOK\u003c/title\u003e\u003c/head\u003e\n      \u003cbody style=\"font-family:sans-serif\"\u003e\n        \u003ch1\u003eExercice Cloud-Init ✅\u003c/h1\u003e\n        \u003cp\u003eServeur: 300-classe-ubuntu-romanens-noe\u003c/p\u003e\n        \u003cp\u003eNginx installé \u0026 lancé, /data créé.\u003c/p\u003e\n      \u003c/body\u003e\n      \u003c/html\u003e\n\nruncmd:\n  - systemctl enable --now nginx\n  - mkdir -p /data\n\nfinal_message: \"Cloud-init terminé. Nginx opérationnel. /data créé.\"\n",
            "zone": "ch-gva-2"
          },
          "sensitive_attributes": [],
          "identity_schema_version": 0,
          "private": "eyJlMmJmYjczMC1lY2FhLTExZTYtOGY4OC0zNDM2M2JjN2M0YzAiOnsiY3JlYXRlIjozNjAwMDAwMDAwMDAwLCJkZWxldGUiOjM2MDAwMDAwMDAwMDAsInJlYWQiOjM2MDAwMDAwMDAwMDAsInVwZGF0ZSI6MzYwMDAwMDAwMDAwMH19",
          "dependencies": [
            "exoscale_ssh_key.my_ssh_key"
          ]
        }
      ]
    },
    {
      "mode": "managed",
      "type": "exoscale_ssh_key",
      "name": "my_ssh_key",
      "provider": "provider[\"registry.terraform.io/exoscale/exoscale\"]",
      "instances": [
        {
          "schema_version": 0,
          "attributes": {
            "fingerprint": "94:67:e9:c5:c3:51:0c:5d:61:48:f9:b0:f0:f7:f9:bb",
            "id": "300-classe-romanens-noe-key",
            "name": "300-classe-romanens-noe-key",
            "public_key": "ssh-ed25519 AAAAC3NzaC1lZDI1NTE5AAAAICAUoVkb+bJuK7xQ+EEjLoUtTbHz6DbP2oB4TkuwT8wZ 300-classe-noe-romanens\r\n",
            "timeouts": null
          },
          "sensitive_attributes": [],
          "identity_schema_version": 0,
          "private": "eyJlMmJmYjczMC1lY2FhLTExZTYtOGY4OC0zNDM2M2JjN2M0YzAiOnsiY3JlYXRlIjozNjAwMDAwMDAwMDAwLCJkZWxldGUiOjM2MDAwMDAwMDAwMDAsInJlYWQiOjM2MDAwMDAwMDAwMDB9fQ=="
        }
      ]
    }
  ],
  "check_results": null
}
